
Microsoft Visual Studio Solution File, Format Version 12.00
# Visual Studio Version 16
VisualStudioVersion = 16.0.29613.14
MinimumVisualStudioVersion = 10.0.40219.1
Project("{FAE04EC0-301F-11D3-BF4B-00C04F79EFBC}") = "mongodb", "mongodb\mongodb.csproj", "{6491BB15-F65D-4B25-984D-A0B431D5BC29}"
EndProject
Global
	GlobalSection(SolutionConfigurationPlatforms) = preSolution
		Debug|Any CPU = Debug|Any CPU
		Release|Any CPU = Release|Any CPU
	EndGlobalSection
	GlobalSection(ProjectConfigurationPlatforms) = postSolution
		{6491BB15-F65D-4B25-984D-A0B431D5BC29}.Debug|Any CPU.ActiveCfg = Debug|Any CPU
		{6491BB15-F65D-4B25-984D-A0B431D5BC29}.Debug|Any CPU.Build.0 = Debug|Any CPU
		{6491BB15-F65D-4B25-984D-A0B431D5BC29}.Release|Any CPU.ActiveCfg = Release|Any CPU
		{6491BB15-F65D-4B25-984D-A0B431D5BC29}.Release|Any CPU.Build.0 = Release|Any CPU
	EndGlobalSection
	GlobalSection(SolutionProperties) = preSolution
		HideSolutionNode = FALSE
	EndGlobalSection
	GlobalSection(ExtensibilityGlobals) = postSolution
		SolutionGuid = {E4435BD2-8D64-4C12-8F63-1F31BF61D608}
	EndGlobalSection
EndGlobal
